<?xml version="1.0" encoding="utf-8"?>
<Project ToolsVersion="4.0" xmlns="http://schemas.microsoft.com/developer/msbuild/2003">
  <ItemGroup>
    <Filter Include="ソース ファイル">
      <UniqueIdentifier>{4FC737F1-C7A5-4376-A066-2A32D752A2FF}</UniqueIdentifier>
      <Extensions>cpp;c;cc;cxx;c++;cppm;ixx;def;odl;idl;hpj;bat;asm;asmx</Extensions>
    </Filter>
    <Filter Include="ヘッダー ファイル">
      <UniqueIdentifier>{93995380-89BD-4b04-88EB-625FBE52EBFB}</UniqueIdentifier>
      <Extensions>h;hh;hpp;hxx;h++;hm;inl;inc;ipp;xsd</Extensions>
    </Filter>
    <Filter Include="imgui">
      <UniqueIdentifier>{6c6d13ff-7df8-48f7-8988-41116204a7f3}</UniqueIdentifier>
    </Filter>
    <Filter Include="シェーダー ファイル">
      <UniqueIdentifier>{dcd7e465-b346-4979-8739-e32548d6be70}</UniqueIdentifier>
    </Filter>
    <Filter Include="シェーダー ファイル\リソース ファイル">
      <UniqueIdentifier>{67DA6AB6-F800-4c08-8B7A-83BB121AAD01}</UniqueIdentifier>
      <Extensions>rc;ico;cur;bmp;dlg;rc2;rct;bin;rgs;gif;jpg;jpeg;jpe;resx;tiff;tif;png;wav;mfcribbon-ms</Extensions>
    </Filter>
    <Filter Include="ソース ファイル\engine">
      <UniqueIdentifier>{2cddc3c1-07f7-4952-ac38-fa937ce50f00}</UniqueIdentifier>
    </Filter>
    <Filter Include="ソース ファイル\engine\2d">
      <UniqueIdentifier>{a2026b93-868e-4d3e-80cc-322af1903765}</UniqueIdentifier>
    </Filter>
    <Filter Include="ソース ファイル\engine\3d">
      <UniqueIdentifier>{d0f8822f-98f7-45cf-a530-28f29b54c4a1}</UniqueIdentifier>
    </Filter>
    <Filter Include="ソース ファイル\engine\base">
      <UniqueIdentifier>{dfc85a83-f430-421e-9ab0-bafa7cb6ccf5}</UniqueIdentifier>
    </Filter>
    <Filter Include="ソース ファイル\engine\base\dxEngine">
      <UniqueIdentifier>{453af916-5500-493b-bdce-dba55beba77f}</UniqueIdentifier>
    </Filter>
    <Filter Include="ソース ファイル\engine\base\light">
      <UniqueIdentifier>{5ee7c3ce-7e5f-4742-b1f1-d2ec27129d91}</UniqueIdentifier>
    </Filter>
    <Filter Include="ソース ファイル\engine\base\model">
      <UniqueIdentifier>{6baa956b-b938-42e2-b50a-432ac99fcaaf}</UniqueIdentifier>
    </Filter>
    <Filter Include="ソース ファイル\engine\base\sprite">
      <UniqueIdentifier>{07b39e68-a5b6-40e0-a22a-e175dd4e81d9}</UniqueIdentifier>
    </Filter>
    <Filter Include="ソース ファイル\engine\base\texture">
      <UniqueIdentifier>{112b2c0e-51b1-4de2-b23c-520040343861}</UniqueIdentifier>
    </Filter>
    <Filter Include="ソース ファイル\engine\input">
      <UniqueIdentifier>{afc74a7f-2355-4ee1-98a2-8a0f30f17f62}</UniqueIdentifier>
    </Filter>
    <Filter Include="ソース ファイル\engine\audio">
      <UniqueIdentifier>{5bdabddd-242e-4d8c-b259-db77b3effdc9}</UniqueIdentifier>
    </Filter>
    <Filter Include="ソース ファイル\engine\math">
      <UniqueIdentifier>{092e4d05-0eb8-41a7-a84c-ebf55c9f2754}</UniqueIdentifier>
    </Filter>
    <Filter Include="ソース ファイル\application">
      <UniqueIdentifier>{b4e65827-dd77-40ec-a3e6-47eb432404c1}</UniqueIdentifier>
    </Filter>
    <Filter Include="ソース ファイル\engine\base\camera">
      <UniqueIdentifier>{678c52a7-342b-4ba8-b5e6-faa98ab35ddc}</UniqueIdentifier>
    </Filter>
    <Filter Include="ソース ファイル\game">
      <UniqueIdentifier>{4d40f4b5-0ebd-4b8d-b1af-c7f443c03bf3}</UniqueIdentifier>
    </Filter>
    <Filter Include="ヘッダー ファイル\engine">
      <UniqueIdentifier>{a9449f87-d769-40b6-b350-ce00a1f2cbff}</UniqueIdentifier>
    </Filter>
    <Filter Include="ヘッダー ファイル\engine\2d">
      <UniqueIdentifier>{e1a4df91-b233-47df-8731-7c11849a4982}</UniqueIdentifier>
    </Filter>
    <Filter Include="ヘッダー ファイル\engine\3d">
      <UniqueIdentifier>{90c92317-93ae-4b08-9252-fe7d284b0014}</UniqueIdentifier>
    </Filter>
    <Filter Include="ヘッダー ファイル\engine\audio">
      <UniqueIdentifier>{60979980-545b-4c1c-be1b-06aafcc2b088}</UniqueIdentifier>
    </Filter>
    <Filter Include="ヘッダー ファイル\engine\base">
      <UniqueIdentifier>{e2738d6b-400a-4f34-a4d8-b313ec92eeed}</UniqueIdentifier>
    </Filter>
    <Filter Include="ヘッダー ファイル\engine\base\dxEnginr">
      <UniqueIdentifier>{88e69974-723e-4d39-9eff-b5bedc332cb8}</UniqueIdentifier>
    </Filter>
    <Filter Include="ヘッダー ファイル\engine\base\model">
      <UniqueIdentifier>{8eb41a9f-f947-49f3-ae0e-39e91d4567dc}</UniqueIdentifier>
    </Filter>
    <Filter Include="ヘッダー ファイル\engine\base\texture">
      <UniqueIdentifier>{91b3f296-03fb-4331-91be-c6015902faa0}</UniqueIdentifier>
    </Filter>
    <Filter Include="ヘッダー ファイル\engine\base\light">
      <UniqueIdentifier>{c6b290a4-59a3-4e34-b902-6563d6a3006d}</UniqueIdentifier>
    </Filter>
    <Filter Include="ヘッダー ファイル\engine\base\sprite">
      <UniqueIdentifier>{665cd993-2169-46e3-b586-1d8d9e1f087d}</UniqueIdentifier>
    </Filter>
    <Filter Include="ヘッダー ファイル\engine\base\camera">
      <UniqueIdentifier>{eaecae55-c1de-4571-9a4d-e6c51b00e71d}</UniqueIdentifier>
    </Filter>
    <Filter Include="ヘッダー ファイル\engine\input">
      <UniqueIdentifier>{017b02f3-02ba-44b2-b40e-b7726ee96488}</UniqueIdentifier>
    </Filter>
    <Filter Include="ヘッダー ファイル\engine\math">
      <UniqueIdentifier>{ec2b36c6-476d-4ea0-a078-44c57f853752}</UniqueIdentifier>
    </Filter>
    <Filter Include="ヘッダー ファイル\game">
      <UniqueIdentifier>{1b26b5cc-2dd5-4ab2-b176-efc9932a8506}</UniqueIdentifier>
    </Filter>
    <Filter Include="ソース ファイル\game\scene">
      <UniqueIdentifier>{61c19e4f-8902-40cb-a68a-ce53dcdbde91}</UniqueIdentifier>
    </Filter>
    <Filter Include="ヘッダー ファイル\game\scene">
      <UniqueIdentifier>{e21b9a56-fa9a-4e9d-aece-1c4d88546533}</UniqueIdentifier>
    </Filter>
    <Filter Include="ソース ファイル\engine\math\structure">
      <UniqueIdentifier>{df546c7e-6ada-4823-a014-322d1dfcd788}</UniqueIdentifier>
    </Filter>
    <Filter Include="ヘッダー ファイル\engine\math\structure">
      <UniqueIdentifier>{380b0d85-00be-4700-b3e4-d2a15f31d3d2}</UniqueIdentifier>
    </Filter>
    <Filter Include="ソース ファイル\engine\base\particle">
      <UniqueIdentifier>{13c3719c-a287-4c40-8bc5-8a884fa08f9e}</UniqueIdentifier>
    </Filter>
    <Filter Include="ヘッダー ファイル\engine\base\particle">
      <UniqueIdentifier>{cfddd608-0b60-4773-8c10-6a84f43c5a98}</UniqueIdentifier>
    </Filter>
    <Filter Include="ソース ファイル\engine\base\scene">
      <UniqueIdentifier>{28101e15-55c1-44a2-ab25-cb331a80bc55}</UniqueIdentifier>
    </Filter>
    <Filter Include="ソース ファイル\engine\base\scene\sceneFactory">
      <UniqueIdentifier>{e0ee6cf5-1f0f-4d51-b017-c8dc573b3d6b}</UniqueIdentifier>
    </Filter>
    <Filter Include="ソース ファイル\engine\base\framework">
      <UniqueIdentifier>{319e6903-7b74-4d29-9e2a-19a98891dfbf}</UniqueIdentifier>
    </Filter>
    <Filter Include="ヘッダー ファイル\engine\base\framework">
      <UniqueIdentifier>{1142c49b-000e-4c7e-8465-5f62d3b52a68}</UniqueIdentifier>
    </Filter>
    <Filter Include="ヘッダー ファイル\engine\base\scene">
      <UniqueIdentifier>{91ebbd63-e0a6-4c29-8105-d3957b7b1435}</UniqueIdentifier>
    </Filter>
    <Filter Include="ヘッダー ファイル\engine\base\scene\sceneFactory">
      <UniqueIdentifier>{9df6e2f1-212c-4188-aed6-d375e34f0f05}</UniqueIdentifier>
    </Filter>
    <Filter Include="ソース ファイル\engine\globalVariables">
      <UniqueIdentifier>{ec02487e-843e-4c4b-865b-1a279b4633bd}</UniqueIdentifier>
    </Filter>
    <Filter Include="ヘッダー ファイル\engine\globalVariables">
      <UniqueIdentifier>{1d8d1ea2-d2aa-4efc-b388-0f7ad348d4c2}</UniqueIdentifier>
    </Filter>
    <Filter Include="ソース ファイル\engine\base\imgui">
      <UniqueIdentifier>{b46eba40-7278-455a-ae52-f258cb1c4a2e}</UniqueIdentifier>
    </Filter>
    <Filter Include="ヘッダー ファイル\engine\base\imgui">
      <UniqueIdentifier>{2df74ee3-1069-42d4-ab41-ca9bbacdad78}</UniqueIdentifier>
    </Filter>
  </ItemGroup>
  <ItemGroup>
    <ClCompile Include="CG2_00_01\main.cpp">
      <Filter>ソース ファイル</Filter>
    </ClCompile>
    <ClCompile Include="externals\imgui\imgui.cpp">
      <Filter>imgui</Filter>
    </ClCompile>
    <ClCompile Include="externals\imgui\imgui_demo.cpp">
      <Filter>imgui</Filter>
    </ClCompile>
    <ClCompile Include="externals\imgui\imgui_draw.cpp">
      <Filter>imgui</Filter>
    </ClCompile>
    <ClCompile Include="externals\imgui\imgui_impl_dx12.cpp">
      <Filter>imgui</Filter>
    </ClCompile>
    <ClCompile Include="externals\imgui\imgui_impl_win32.cpp">
      <Filter>imgui</Filter>
    </ClCompile>
    <ClCompile Include="externals\imgui\imgui_tables.cpp">
      <Filter>imgui</Filter>
    </ClCompile>
    <ClCompile Include="externals\imgui\imgui_widgets.cpp">
      <Filter>imgui</Filter>
    </ClCompile>
    <ClCompile Include="CG2_00_01\engine\2d\Sprite.cpp">
      <Filter>ソース ファイル\engine\2d</Filter>
    </ClCompile>
    <ClCompile Include="CG2_00_01\engine\2d\LoadTexture.cpp">
      <Filter>ソース ファイル\engine\2d</Filter>
    </ClCompile>
    <ClCompile Include="CG2_00_01\engine\2d\Logger.cpp">
      <Filter>ソース ファイル\engine\2d</Filter>
    </ClCompile>
    <ClCompile Include="CG2_00_01\engine\base\dxEngine\CompileShader.cpp">
      <Filter>ソース ファイル\engine\base\dxEngine</Filter>
    </ClCompile>
    <ClCompile Include="CG2_00_01\engine\base\dxEngine\DirectXEngine.cpp">
      <Filter>ソース ファイル\engine\base\dxEngine</Filter>
    </ClCompile>
    <ClCompile Include="CG2_00_01\engine\base\object\light\LightManager.cpp">
      <Filter>ソース ファイル\engine\base\light</Filter>
    </ClCompile>
    <ClCompile Include="CG2_00_01\engine\base\object\model\ModelBase.cpp">
      <Filter>ソース ファイル\engine\base\model</Filter>
    </ClCompile>
    <ClCompile Include="CG2_00_01\engine\base\object\model\ModelManager.cpp">
      <Filter>ソース ファイル\engine\base\model</Filter>
    </ClCompile>
    <ClCompile Include="CG2_00_01\engine\base\object\model\Object3dBase.cpp">
      <Filter>ソース ファイル\engine\base\model</Filter>
    </ClCompile>
    <ClCompile Include="CG2_00_01\engine\base\object\sprite\SpriteBase.cpp">
      <Filter>ソース ファイル\engine\base\sprite</Filter>
    </ClCompile>
    <ClCompile Include="CG2_00_01\engine\base\dxEngine\DepthStencilTexture.cpp">
      <Filter>ソース ファイル\engine\base\dxEngine</Filter>
    </ClCompile>
    <ClCompile Include="CG2_00_01\engine\base\dxEngine\PipelineState.cpp">
      <Filter>ソース ファイル\engine\base\dxEngine</Filter>
    </ClCompile>
    <ClCompile Include="CG2_00_01\engine\base\dxEngine\D3DResourceLeakChecker.cpp">
      <Filter>ソース ファイル\engine\base\dxEngine</Filter>
    </ClCompile>
    <ClCompile Include="CG2_00_01\engine\base\dxEngine\DescriptorHeap.cpp">
      <Filter>ソース ファイル\engine\base\dxEngine</Filter>
    </ClCompile>
    <ClCompile Include="CG2_00_01\engine\base\dxEngine\WinApp.cpp">
      <Filter>ソース ファイル\engine\base\dxEngine</Filter>
    </ClCompile>
    <ClCompile Include="CG2_00_01\engine\base\dxEngine\StringUtility.cpp">
      <Filter>ソース ファイル\engine\base\dxEngine</Filter>
    </ClCompile>
    <ClCompile Include="CG2_00_01\engine\base\object\texture\TextureManager.cpp">
      <Filter>ソース ファイル\engine\base\texture</Filter>
    </ClCompile>
    <ClCompile Include="CG2_00_01\engine\3d\Model.cpp">
      <Filter>ソース ファイル\engine\3d</Filter>
    </ClCompile>
    <ClCompile Include="CG2_00_01\engine\3d\LoadObjFile.cpp">
      <Filter>ソース ファイル\engine\3d</Filter>
    </ClCompile>
    <ClCompile Include="CG2_00_01\engine\input\Input.cpp">
      <Filter>ソース ファイル\engine\input</Filter>
    </ClCompile>
    <ClCompile Include="CG2_00_01\engine\3d\Object3d.cpp">
      <Filter>ソース ファイル\engine\3d</Filter>
    </ClCompile>
    <ClCompile Include="CG2_00_01\engine\3d\VertexResource.cpp">
      <Filter>ソース ファイル\engine\3d</Filter>
    </ClCompile>
    <ClCompile Include="CG2_00_01\engine\audio\LoadSound.cpp">
      <Filter>ソース ファイル\engine\audio</Filter>
    </ClCompile>
    <ClCompile Include="CG2_00_01\engine\math\MT3.cpp">
      <Filter>ソース ファイル\engine\math</Filter>
    </ClCompile>
    <ClCompile Include="CG2_00_01\engine\base\object\camera\Camera.cpp">
      <Filter>ソース ファイル\engine\base\camera</Filter>
    </ClCompile>
    <ClCompile Include="CG2_00_01\engine\base\dxEngine\SrvManager.cpp">
      <Filter>ソース ファイル\engine\base\dxEngine</Filter>
    </ClCompile>
    <ClCompile Include="CG2_00_01\game\scene\gameScene\GamePlayScene.cpp">
      <Filter>ソース ファイル\game\scene</Filter>
    </ClCompile>
    <ClCompile Include="CG2_00_01\game\scene\titleScene\TitleScene.cpp">
      <Filter>ソース ファイル\game\scene</Filter>
    </ClCompile>
    <ClCompile Include="CG2_00_01\engine\3d\Line3d.cpp">
      <Filter>ソース ファイル\engine\3d</Filter>
    </ClCompile>
    <ClCompile Include="CG2_00_01\engine\base\object\model\PrimitiveDrawer.cpp">
      <Filter>ソース ファイル\engine\base\model</Filter>
    </ClCompile>
    <ClCompile Include="CG2_00_01\engine\math\structure\Matrix4x4.cpp">
      <Filter>ソース ファイル\engine\math\structure</Filter>
    </ClCompile>
    <ClCompile Include="CG2_00_01\engine\math\structure\Vector3.cpp">
      <Filter>ソース ファイル\engine\math\structure</Filter>
    </ClCompile>
    <ClCompile Include="CG2_00_01\engine\base\object\particle\ParticleEmitter.cpp">
      <Filter>ソース ファイル\engine\base\particle</Filter>
    </ClCompile>
    <ClCompile Include="CG2_00_01\engine\base\object\particle\ParticleManager.cpp">
      <Filter>ソース ファイル\engine\base\particle</Filter>
    </ClCompile>
    <ClCompile Include="CG2_00_01\engine\math\structure\CreateBufferResource.cpp">
      <Filter>ソース ファイル\engine\base\dxEngine</Filter>
    </ClCompile>
    <ClCompile Include="CG2_00_01\engine\base\framework\MyGame.cpp">
      <Filter>ソース ファイル\engine\base\framework</Filter>
    </ClCompile>
    <ClCompile Include="CG2_00_01\engine\base\framework\Framework.cpp">
      <Filter>ソース ファイル\engine\base\framework</Filter>
    </ClCompile>
    <ClCompile Include="CG2_00_01\engine\base\scene\SceneManager.cpp">
      <Filter>ソース ファイル\engine\base\scene</Filter>
    </ClCompile>
    <ClCompile Include="CG2_00_01\engine\base\scene\BaseScene.cpp">
      <Filter>ソース ファイル\engine\base\scene</Filter>
    </ClCompile>
    <ClCompile Include="CG2_00_01\engine\base\scene\sceneFactory\SceneFactory.cpp">
      <Filter>ソース ファイル\engine\base\scene\sceneFactory</Filter>
    </ClCompile>
    <ClCompile Include="CG2_00_01\engine\base\scene\sceneFactory\AbstractSceneFactory.cpp">
      <Filter>ソース ファイル\engine\base\scene\sceneFactory</Filter>
    </ClCompile>
    <ClCompile Include="CG2_00_01\engine\base\object\camera\CameraManager.cpp">
      <Filter>ソース ファイル\engine\base\camera</Filter>
    </ClCompile>
    <ClCompile Include="CG2_00_01\engine\globalVariables\GlobalVariables.cpp">
      <Filter>ソース ファイル\engine\globalVariables</Filter>
    </ClCompile>
    <ClCompile Include="CG2_00_01\engine\base\imgui\ImGuiManager.cpp">
      <Filter>ソース ファイル\engine\base\imgui</Filter>
    </ClCompile>
    <ClCompile Include="CG2_00_01\engine\base\audio\AudioManager.cpp">
      <Filter>ソース ファイル</Filter>
    </ClCompile>
    <ClCompile Include="CG2_00_01\engine\audio\Audio.cpp">
      <Filter>ソース ファイル</Filter>
    </ClCompile>
    <ClCompile Include="CG2_00_01\engine\3d\WorldTransform.cpp">
      <Filter>ソース ファイル</Filter>
    </ClCompile>
    <ClCompile Include="CG2_00_01\engine\math\structure\Quaternion.cpp">
      <Filter>ソース ファイル</Filter>
    </ClCompile>
  </ItemGroup>
  <ItemGroup>
    <ClInclude Include="externals\imgui\imconfig.h">
      <Filter>imgui</Filter>
    </ClInclude>
    <ClInclude Include="externals\imgui\imgui.h">
      <Filter>imgui</Filter>
    </ClInclude>
    <ClInclude Include="externals\imgui\imgui_impl_dx12.h">
      <Filter>imgui</Filter>
    </ClInclude>
    <ClInclude Include="externals\imgui\imgui_impl_win32.h">
      <Filter>imgui</Filter>
    </ClInclude>
    <ClInclude Include="externals\imgui\imgui_internal.h">
      <Filter>imgui</Filter>
    </ClInclude>
    <ClInclude Include="externals\imgui\imstb_rectpack.h">
      <Filter>imgui</Filter>
    </ClInclude>
    <ClInclude Include="externals\imgui\imstb_textedit.h">
      <Filter>imgui</Filter>
    </ClInclude>
    <ClInclude Include="externals\imgui\imstb_truetype.h">
      <Filter>imgui</Filter>
    </ClInclude>
    <ClInclude Include="CG2_00_01\engine\2d\Logger.h">
      <Filter>ヘッダー ファイル\engine\2d</Filter>
    </ClInclude>
    <ClInclude Include="CG2_00_01\engine\2d\LoadTexture.h">
      <Filter>ヘッダー ファイル\engine\2d</Filter>
    </ClInclude>
    <ClInclude Include="CG2_00_01\engine\2d\Sprite.h">
      <Filter>ヘッダー ファイル\engine\2d</Filter>
    </ClInclude>
    <ClInclude Include="CG2_00_01\engine\3d\LoadObjFile.h">
      <Filter>ヘッダー ファイル\engine\3d</Filter>
    </ClInclude>
    <ClInclude Include="CG2_00_01\engine\3d\Model.h">
      <Filter>ヘッダー ファイル\engine\3d</Filter>
    </ClInclude>
    <ClInclude Include="CG2_00_01\engine\3d\Object3d.h">
      <Filter>ヘッダー ファイル\engine\3d</Filter>
    </ClInclude>
    <ClInclude Include="CG2_00_01\engine\3d\VertexResource.h">
      <Filter>ヘッダー ファイル\engine\3d</Filter>
    </ClInclude>
    <ClInclude Include="CG2_00_01\engine\base\dxEngine\CompileShader.h">
      <Filter>ヘッダー ファイル\engine\base\dxEnginr</Filter>
    </ClInclude>
    <ClInclude Include="CG2_00_01\engine\base\dxEngine\D3DResourceLeakChecker.h">
      <Filter>ヘッダー ファイル\engine\base\dxEnginr</Filter>
    </ClInclude>
    <ClInclude Include="CG2_00_01\engine\base\dxEngine\DepthStencilTexture.h">
      <Filter>ヘッダー ファイル\engine\base\dxEnginr</Filter>
    </ClInclude>
    <ClInclude Include="CG2_00_01\engine\base\dxEngine\DescriptorHeap.h">
      <Filter>ヘッダー ファイル\engine\base\dxEnginr</Filter>
    </ClInclude>
    <ClInclude Include="CG2_00_01\engine\base\dxEngine\DirectXEngine.h">
      <Filter>ヘッダー ファイル\engine\base\dxEnginr</Filter>
    </ClInclude>
    <ClInclude Include="CG2_00_01\engine\base\dxEngine\PipelineState.h">
      <Filter>ヘッダー ファイル\engine\base\dxEnginr</Filter>
    </ClInclude>
    <ClInclude Include="CG2_00_01\engine\base\dxEngine\StringUtility.h">
      <Filter>ヘッダー ファイル\engine\base\dxEnginr</Filter>
    </ClInclude>
    <ClInclude Include="CG2_00_01\engine\base\dxEngine\WinApp.h">
      <Filter>ヘッダー ファイル\engine\base\dxEnginr</Filter>
    </ClInclude>
    <ClInclude Include="CG2_00_01\engine\base\object\light\LightManager.h">
      <Filter>ヘッダー ファイル\engine\base\light</Filter>
    </ClInclude>
    <ClInclude Include="CG2_00_01\engine\base\object\model\ModelBase.h">
      <Filter>ヘッダー ファイル\engine\base\model</Filter>
    </ClInclude>
    <ClInclude Include="CG2_00_01\engine\base\object\model\ModelManager.h">
      <Filter>ヘッダー ファイル\engine\base\model</Filter>
    </ClInclude>
    <ClInclude Include="CG2_00_01\engine\base\object\model\Object3dBase.h">
      <Filter>ヘッダー ファイル\engine\base\model</Filter>
    </ClInclude>
    <ClInclude Include="CG2_00_01\engine\base\object\texture\TextureManager.h">
      <Filter>ヘッダー ファイル\engine\base\texture</Filter>
    </ClInclude>
    <ClInclude Include="CG2_00_01\engine\base\object\sprite\SpriteBase.h">
      <Filter>ヘッダー ファイル\engine\base\sprite</Filter>
    </ClInclude>
    <ClInclude Include="CG2_00_01\engine\input\Input.h">
      <Filter>ヘッダー ファイル\engine\input</Filter>
    </ClInclude>
    <ClInclude Include="CG2_00_01\engine\base\dxEngine\ResourceObject.h">
      <Filter>ヘッダー ファイル\engine\base\dxEnginr</Filter>
    </ClInclude>
    <ClInclude Include="CG2_00_01\engine\math\MT3.h">
      <Filter>ヘッダー ファイル\engine\math</Filter>
    </ClInclude>
    <ClInclude Include="CG2_00_01\engine\audio\LoadSound.h">
      <Filter>ヘッダー ファイル\engine\audio</Filter>
    </ClInclude>
    <ClInclude Include="CG2_00_01\engine\base\object\camera\Camera.h">
      <Filter>ヘッダー ファイル\engine\base\camera</Filter>
    </ClInclude>
    <ClInclude Include="CG2_00_01\engine\base\dxEngine\SrvManager.h">
      <Filter>ヘッダー ファイル\engine\base\dxEnginr</Filter>
    </ClInclude>
    <ClInclude Include="CG2_00_01\game\scene\gameScene\GamePlayScene.h">
      <Filter>ヘッダー ファイル\game\scene</Filter>
    </ClInclude>
    <ClInclude Include="CG2_00_01\game\scene\titleScene\TitleScene.h">
      <Filter>ヘッダー ファイル\game\scene</Filter>
    </ClInclude>
    <ClInclude Include="CG2_00_01\engine\3d\Line3d.h">
      <Filter>ヘッダー ファイル\engine\3d</Filter>
    </ClInclude>
    <ClInclude Include="CG2_00_01\engine\base\object\model\PrimitiveDrawer.h">
      <Filter>ヘッダー ファイル\engine\base\model</Filter>
    </ClInclude>
    <ClInclude Include="CG2_00_01\engine\math\structure\Transform.h">
      <Filter>ヘッダー ファイル\engine\math\structure</Filter>
    </ClInclude>
    <ClInclude Include="CG2_00_01\engine\math\structure\Vector2.h">
      <Filter>ヘッダー ファイル\engine\math\structure</Filter>
    </ClInclude>
    <ClInclude Include="CG2_00_01\engine\math\structure\Vector3.h">
      <Filter>ヘッダー ファイル\engine\math\structure</Filter>
    </ClInclude>
    <ClInclude Include="CG2_00_01\engine\math\structure\Vector4.h">
      <Filter>ヘッダー ファイル\engine\math\structure</Filter>
    </ClInclude>
    <ClInclude Include="CG2_00_01\engine\math\structure\Matrix3x3.h">
      <Filter>ヘッダー ファイル\engine\math\structure</Filter>
    </ClInclude>
    <ClInclude Include="CG2_00_01\engine\math\structure\Matrix4x4.h">
      <Filter>ヘッダー ファイル\engine\math\structure</Filter>
    </ClInclude>
    <ClInclude Include="CG2_00_01\engine\base\object\particle\ParticleEmitter.h">
      <Filter>ヘッダー ファイル\engine\base\particle</Filter>
    </ClInclude>
    <ClInclude Include="CG2_00_01\engine\base\object\particle\ParticleManager.h">
      <Filter>ヘッダー ファイル\engine\base\particle</Filter>
    </ClInclude>
    <ClInclude Include="CG2_00_01\engine\math\structure\CreateBufferResource.h">
      <Filter>ヘッダー ファイル\engine\base\dxEnginr</Filter>
    </ClInclude>
    <ClInclude Include="CG2_00_01\engine\base\framework\MyGame.h">
      <Filter>ヘッダー ファイル\engine\base\framework</Filter>
    </ClInclude>
    <ClInclude Include="CG2_00_01\engine\base\framework\Framework.h">
      <Filter>ヘッダー ファイル\engine\base\framework</Filter>
    </ClInclude>
    <ClInclude Include="CG2_00_01\engine\base\scene\SceneManager.h">
      <Filter>ヘッダー ファイル\engine\base\scene</Filter>
    </ClInclude>
    <ClInclude Include="CG2_00_01\engine\base\scene\BaseScene.h">
      <Filter>ヘッダー ファイル\engine\base\scene</Filter>
    </ClInclude>
    <ClInclude Include="CG2_00_01\engine\base\scene\sceneFactory\AbstractSceneFactory.h">
      <Filter>ヘッダー ファイル\engine\base\scene\sceneFactory</Filter>
    </ClInclude>
    <ClInclude Include="CG2_00_01\engine\base\scene\sceneFactory\SceneFactory.h">
      <Filter>ヘッダー ファイル\engine\base\scene\sceneFactory</Filter>
    </ClInclude>
    <ClInclude Include="CG2_00_01\engine\globalVariables\GlobalVariables.h">
      <Filter>ヘッダー ファイル\engine\globalVariables</Filter>
    </ClInclude>
    <ClInclude Include="CG2_00_01\engine\base\imgui\ImGuiManager.h">
      <Filter>ヘッダー ファイル\engine\base\imgui</Filter>
    </ClInclude>
    <ClInclude Include="CG2_00_01\engine\base\object\camera\CameraManager.h">
      <Filter>ヘッダー ファイル\engine\base\camera</Filter>
    </ClInclude>
    <ClInclude Include="CG2_00_01\engine\base\audio\AudioManager.h">
      <Filter>ヘッダー ファイル</Filter>
    </ClInclude>
    <ClInclude Include="CG2_00_01\engine\audio\Audio.h">
      <Filter>ヘッダー ファイル</Filter>
    </ClInclude>
    <ClInclude Include="CG2_00_01\engine\3d\WorldTransform.h">
      <Filter>ヘッダー ファイル</Filter>
    </ClInclude>
    <ClInclude Include="CG2_00_01\engine\math\structure\Quaternion.h">
      <Filter>ヘッダー ファイル</Filter>
    </ClInclude>
  </ItemGroup>
  <ItemGroup>
    <Text Include="externals\imgui\LICENSE.txt">
      <Filter>imgui</Filter>
    </Text>
  </ItemGroup>
  <ItemGroup>
    <None Include="resources\shaders\Object3d.hlsli">
      <Filter>シェーダー ファイル\リソース ファイル</Filter>
    </None>
    <None Include="resources\shaders\Particle.hlsli">
      <Filter>シェーダー ファイル\リソース ファイル</Filter>
    </None>
    <None Include="resources\shaders\Primitive.hlsli">
      <Filter>シェーダー ファイル\リソース ファイル</Filter>
    </None>
  </ItemGroup>
  <ItemGroup>
    <FxCompile Include="resources\shaders\BasicGeometryShader.hlsl">
      <Filter>シェーダー ファイル\リソース ファイル</Filter>
    </FxCompile>
    <FxCompile Include="resources\shaders\Object3d.PS.hlsl">
      <Filter>シェーダー ファイル\リソース ファイル</Filter>
    </FxCompile>
    <FxCompile Include="resources\shaders\Object3d.VS.hlsl">
      <Filter>シェーダー ファイル\リソース ファイル</Filter>
    </FxCompile>
    <FxCompile Include="resources\shaders\Particle.PS.hlsl">
      <Filter>シェーダー ファイル\リソース ファイル</Filter>
    </FxCompile>
    <FxCompile Include="resources\shaders\Particle.VS.hlsl">
      <Filter>シェーダー ファイル\リソース ファイル</Filter>
    </FxCompile>
    <FxCompile Include="resources\shaders\Primitive.PS.hlsl">
      <Filter>シェーダー ファイル\リソース ファイル</Filter>
    </FxCompile>
    <FxCompile Include="resources\shaders\Primitive.VS.hlsl">
      <Filter>シェーダー ファイル\リソース ファイル</Filter>
    </FxCompile>
  </ItemGroup>
</Project>